
Microsoft Visual Studio Solution File, Format Version 12.00
# Visual Studio 15
VisualStudioVersion = 15.0.28010.2036
MinimumVisualStudioVersion = 10.0.40219.1
Project("{9A19103F-16F7-4668-BE54-9A1E7A4F7556}") = "FileServer website", "FileServer website\FileServer website.csproj", "{B4E169C7-3C7E-421A-9994-C6C6829654CD}"
EndProject
Global
	GlobalSection(SolutionConfigurationPlatforms) = preSolution
		Debug|Any CPU = Debug|Any CPU
		Release|Any CPU = Release|Any CPU
	EndGlobalSection
	GlobalSection(ProjectConfigurationPlatforms) = postSolution
		{B4E169C7-3C7E-421A-9994-C6C6829654CD}.Debug|Any CPU.ActiveCfg = Debug|Any CPU
		{B4E169C7-3C7E-421A-9994-C6C6829654CD}.Debug|Any CPU.Build.0 = Debug|Any CPU
		{B4E169C7-3C7E-421A-9994-C6C6829654CD}.Release|Any CPU.ActiveCfg = Release|Any CPU
		{B4E169C7-3C7E-421A-9994-C6C6829654CD}.Release|Any CPU.Build.0 = Release|Any CPU
	EndGlobalSection
	GlobalSection(SolutionProperties) = preSolution
		HideSolutionNode = FALSE
	EndGlobalSection
	GlobalSection(ExtensibilityGlobals) = postSolution
		SolutionGuid = {9CFBF57A-7DBE-4B37-B787-2494FCD85E34}
	EndGlobalSection
EndGlobal
