{
  "requires": true,
  "lockfileVersion": 1,
  "dependencies": {
    "angular-file": {
      "version": "0.5.4",
      "resolved": "https://registry.npmjs.org/angular-file/-/angular-file-0.5.4.tgz",
      "integrity": "sha512-fus8Y30GDwQ3WgYTSsrZkZFFVTB2zDuM9nTkehVDe29o5k4VrR8Dubqta/PyEL4VxTj1ddeQ6mNVBcG39Qz09A==",
      "dev": true
    }
  }
}
